
Microsoft Visual Studio Solution File, Format Version 12.00
Project("{FAE04EC0-301F-11D3-BF4B-00C04F79EFBC}") = "IGAPI", "IGAPI\IGAPI.csproj", "{B815EDBD-7983-4A37-AC95-0068CEDBA2C7}"
EndProject
Project("{FAE04EC0-301F-11D3-BF4B-00C04F79EFBC}") = "UnitTests", "UnitTests\UnitTests.csproj", "{C4A2A0AE-02FD-483C-AC38-8EA30F34FE67}"
EndProject
Global
	GlobalSection(SolutionConfigurationPlatforms) = preSolution
		Debug|Any CPU = Debug|Any CPU
		Release|Any CPU = Release|Any CPU
	EndGlobalSection
	GlobalSection(ProjectConfigurationPlatforms) = postSolution
		{B815EDBD-7983-4A37-AC95-0068CEDBA2C7}.Debug|Any CPU.ActiveCfg = Debug|Any CPU
		{B815EDBD-7983-4A37-AC95-0068CEDBA2C7}.Debug|Any CPU.Build.0 = Debug|Any CPU
		{B815EDBD-7983-4A37-AC95-0068CEDBA2C7}.Release|Any CPU.ActiveCfg = Release|Any CPU
		{B815EDBD-7983-4A37-AC95-0068CEDBA2C7}.Release|Any CPU.Build.0 = Release|Any CPU
		{C4A2A0AE-02FD-483C-AC38-8EA30F34FE67}.Debug|Any CPU.ActiveCfg = Debug|Any CPU
		{C4A2A0AE-02FD-483C-AC38-8EA30F34FE67}.Debug|Any CPU.Build.0 = Debug|Any CPU
		{C4A2A0AE-02FD-483C-AC38-8EA30F34FE67}.Release|Any CPU.ActiveCfg = Release|Any CPU
		{C4A2A0AE-02FD-483C-AC38-8EA30F34FE67}.Release|Any CPU.Build.0 = Release|Any CPU
	EndGlobalSection
EndGlobal
